
Microsoft Visual Studio Solution File, Format Version 12.00
# Visual Studio Version 16
VisualStudioVersion = 16.0.29306.81
MinimumVisualStudioVersion = 10.0.40219.1
Project("{8BC9CEB8-8B4A-11D0-8D11-00A0C91BC942}") = "EightBit", "src\EightBit.vcxproj", "{A9C24BD9-0CB4-4C84-B09B-46B815F9DA47}"
EndProject
Project("{8BC9CEB8-8B4A-11D0-8D11-00A0C91BC942}") = "Intel8080", "Intel8080\src\Intel8080.vcxproj", "{93BDC8D8-9F0D-44ED-94FB-1BE6AC4B6BD6}"
EndProject
Project("{8BC9CEB8-8B4A-11D0-8D11-00A0C91BC942}") = "test_Intel8080", "Intel8080\test\test_Intel8080.vcxproj", "{391D3B95-D9DA-47E5-9F61-70483F6BB396}"
EndProject
Project("{8BC9CEB8-8B4A-11D0-8D11-00A0C91BC942}") = "Z80", "Z80\src\Z80.vcxproj", "{01974F81-2750-45AF-B845-2C903A54A334}"
EndProject
Project("{8BC9CEB8-8B4A-11D0-8D11-00A0C91BC942}") = "test_Z80", "Z80\test\test_Z80.vcxproj", "{F8EE7116-0D75-4C82-BA9E-409F69F5D47C}"
EndProject
Project("{8BC9CEB8-8B4A-11D0-8D11-00A0C91BC942}") = "fusetest_Z80", "Z80\fusetest_Z80\fusetest_Z80.vcxproj", "{618F7A88-A262-4071-A6F1-FEB3A181B541}"
EndProject
Project("{8BC9CEB8-8B4A-11D0-8D11-00A0C91BC942}") = "LR35902", "LR35902\src\LR35902.vcxproj", "{7730ECF5-8206-4ECB-BA6B-6B5CFE50CFB2}"
EndProject
Project("{8BC9CEB8-8B4A-11D0-8D11-00A0C91BC942}") = "fusetest_LR35902", "LR35902\fusetest_LR35902\fusetest_LR35902.vcxproj", "{C2DA5951-6223-4792-920D-4DDE01A5F625}"
EndProject
Project("{8BC9CEB8-8B4A-11D0-8D11-00A0C91BC942}") = "M6502", "M6502\src\M6502.vcxproj", "{D8726A1B-BBFE-47EF-9860-26B90140BA66}"
EndProject
Project("{8BC9CEB8-8B4A-11D0-8D11-00A0C91BC942}") = "Ricoh2A03", "Ricoh2A03\src\Ricoh2A03.vcxproj", "{CCF67510-C3BD-40FD-BF13-9FA9B9BCFE43}"
EndProject
Project("{8BC9CEB8-8B4A-11D0-8D11-00A0C91BC942}") = "test_M6502", "M6502\test\test_M6502.vcxproj", "{EF6F5840-328E-465A-A78A-E807BC9AEB4C}"
EndProject
Project("{8BC9CEB8-8B4A-11D0-8D11-00A0C91BC942}") = "MC6809", "MC6809\src\MC6809.vcxproj", "{09C1B50E-408E-48B1-A616-8400904B5829}"
EndProject
Project("{8BC9CEB8-8B4A-11D0-8D11-00A0C91BC942}") = "test_MC6809", "MC6809\test\test_MC6809.vcxproj", "{80412055-64FB-417B-B017-EBF92770C922}"
EndProject
Project("{8BC9CEB8-8B4A-11D0-8D11-00A0C91BC942}") = "MC6850", "MC6850\src\MC6850.vcxproj", "{A4ADA650-55C3-4C00-8DAD-E4E4AFF86EFF}"
EndProject
Project("{8BC9CEB8-8B4A-11D0-8D11-00A0C91BC942}") = "unittest_MC6809", "MC6809\unittest\unittest_MC6809.vcxproj", "{9EFEA22E-E981-4342-BE17-7DD0F33F1F52}"
EndProject
Project("{8BC9CEB8-8B4A-11D0-8D11-00A0C91BC942}") = "M6532", "M6532\src\M6532.vcxproj", "{61ACB9AF-314F-4D9E-BFF4-96BC85F38278}"
EndProject
Project("{8BC9CEB8-8B4A-11D0-8D11-00A0C91BC942}") = "Gaming", "Gaming\src\Gaming.vcxproj", "{BC526300-E3D0-44B1-B57B-312BAA6566AC}"
EndProject
Global
	GlobalSection(SolutionConfigurationPlatforms) = preSolution
		Debug|x64 = Debug|x64
		Debug|x86 = Debug|x86
		Release|x64 = Release|x64
		Release|x86 = Release|x86
	EndGlobalSection
	GlobalSection(ProjectConfigurationPlatforms) = postSolution
		{A9C24BD9-0CB4-4C84-B09B-46B815F9DA47}.Debug|x64.ActiveCfg = Debug|x64
		{A9C24BD9-0CB4-4C84-B09B-46B815F9DA47}.Debug|x64.Build.0 = Debug|x64
		{A9C24BD9-0CB4-4C84-B09B-46B815F9DA47}.Debug|x86.ActiveCfg = Debug|Win32
		{A9C24BD9-0CB4-4C84-B09B-46B815F9DA47}.Debug|x86.Build.0 = Debug|Win32
		{A9C24BD9-0CB4-4C84-B09B-46B815F9DA47}.Release|x64.ActiveCfg = Release|x64
		{A9C24BD9-0CB4-4C84-B09B-46B815F9DA47}.Release|x64.Build.0 = Release|x64
		{A9C24BD9-0CB4-4C84-B09B-46B815F9DA47}.Release|x86.ActiveCfg = Release|Win32
		{A9C24BD9-0CB4-4C84-B09B-46B815F9DA47}.Release|x86.Build.0 = Release|Win32
		{93BDC8D8-9F0D-44ED-94FB-1BE6AC4B6BD6}.Debug|x64.ActiveCfg = Debug|x64
		{93BDC8D8-9F0D-44ED-94FB-1BE6AC4B6BD6}.Debug|x64.Build.0 = Debug|x64
		{93BDC8D8-9F0D-44ED-94FB-1BE6AC4B6BD6}.Debug|x86.ActiveCfg = Debug|Win32
		{93BDC8D8-9F0D-44ED-94FB-1BE6AC4B6BD6}.Debug|x86.Build.0 = Debug|Win32
		{93BDC8D8-9F0D-44ED-94FB-1BE6AC4B6BD6}.Release|x64.ActiveCfg = Release|x64
		{93BDC8D8-9F0D-44ED-94FB-1BE6AC4B6BD6}.Release|x64.Build.0 = Release|x64
		{93BDC8D8-9F0D-44ED-94FB-1BE6AC4B6BD6}.Release|x86.ActiveCfg = Release|Win32
		{93BDC8D8-9F0D-44ED-94FB-1BE6AC4B6BD6}.Release|x86.Build.0 = Release|Win32
		{391D3B95-D9DA-47E5-9F61-70483F6BB396}.Debug|x64.ActiveCfg = Debug|x64
		{391D3B95-D9DA-47E5-9F61-70483F6BB396}.Debug|x64.Build.0 = Debug|x64
		{391D3B95-D9DA-47E5-9F61-70483F6BB396}.Debug|x86.ActiveCfg = Debug|Win32
		{391D3B95-D9DA-47E5-9F61-70483F6BB396}.Debug|x86.Build.0 = Debug|Win32
		{391D3B95-D9DA-47E5-9F61-70483F6BB396}.Release|x64.ActiveCfg = Release|x64
		{391D3B95-D9DA-47E5-9F61-70483F6BB396}.Release|x64.Build.0 = Release|x64
		{391D3B95-D9DA-47E5-9F61-70483F6BB396}.Release|x86.ActiveCfg = Release|Win32
		{391D3B95-D9DA-47E5-9F61-70483F6BB396}.Release|x86.Build.0 = Release|Win32
		{01974F81-2750-45AF-B845-2C903A54A334}.Debug|x64.ActiveCfg = Debug|x64
		{01974F81-2750-45AF-B845-2C903A54A334}.Debug|x64.Build.0 = Debug|x64
		{01974F81-2750-45AF-B845-2C903A54A334}.Debug|x86.ActiveCfg = Debug|Win32
		{01974F81-2750-45AF-B845-2C903A54A334}.Debug|x86.Build.0 = Debug|Win32
		{01974F81-2750-45AF-B845-2C903A54A334}.Release|x64.ActiveCfg = Release|x64
		{01974F81-2750-45AF-B845-2C903A54A334}.Release|x64.Build.0 = Release|x64
		{01974F81-2750-45AF-B845-2C903A54A334}.Release|x86.ActiveCfg = Release|Win32
		{01974F81-2750-45AF-B845-2C903A54A334}.Release|x86.Build.0 = Release|Win32
		{F8EE7116-0D75-4C82-BA9E-409F69F5D47C}.Debug|x64.ActiveCfg = Debug|x64
		{F8EE7116-0D75-4C82-BA9E-409F69F5D47C}.Debug|x64.Build.0 = Debug|x64
		{F8EE7116-0D75-4C82-BA9E-409F69F5D47C}.Debug|x86.ActiveCfg = Debug|Win32
		{F8EE7116-0D75-4C82-BA9E-409F69F5D47C}.Debug|x86.Build.0 = Debug|Win32
		{F8EE7116-0D75-4C82-BA9E-409F69F5D47C}.Release|x64.ActiveCfg = Release|x64
		{F8EE7116-0D75-4C82-BA9E-409F69F5D47C}.Release|x64.Build.0 = Release|x64
		{F8EE7116-0D75-4C82-BA9E-409F69F5D47C}.Release|x86.ActiveCfg = Release|Win32
		{F8EE7116-0D75-4C82-BA9E-409F69F5D47C}.Release|x86.Build.0 = Release|Win32
		{618F7A88-A262-4071-A6F1-FEB3A181B541}.Debug|x64.ActiveCfg = Debug|x64
		{618F7A88-A262-4071-A6F1-FEB3A181B541}.Debug|x64.Build.0 = Debug|x64
		{618F7A88-A262-4071-A6F1-FEB3A181B541}.Debug|x86.ActiveCfg = Debug|Win32
		{618F7A88-A262-4071-A6F1-FEB3A181B541}.Debug|x86.Build.0 = Debug|Win32
		{618F7A88-A262-4071-A6F1-FEB3A181B541}.Release|x64.ActiveCfg = Release|x64
		{618F7A88-A262-4071-A6F1-FEB3A181B541}.Release|x64.Build.0 = Release|x64
		{618F7A88-A262-4071-A6F1-FEB3A181B541}.Release|x86.ActiveCfg = Release|Win32
		{618F7A88-A262-4071-A6F1-FEB3A181B541}.Release|x86.Build.0 = Release|Win32
		{7730ECF5-8206-4ECB-BA6B-6B5CFE50CFB2}.Debug|x64.ActiveCfg = Debug|x64
		{7730ECF5-8206-4ECB-BA6B-6B5CFE50CFB2}.Debug|x64.Build.0 = Debug|x64
		{7730ECF5-8206-4ECB-BA6B-6B5CFE50CFB2}.Debug|x86.ActiveCfg = Debug|Win32
		{7730ECF5-8206-4ECB-BA6B-6B5CFE50CFB2}.Debug|x86.Build.0 = Debug|Win32
		{7730ECF5-8206-4ECB-BA6B-6B5CFE50CFB2}.Release|x64.ActiveCfg = Release|x64
		{7730ECF5-8206-4ECB-BA6B-6B5CFE50CFB2}.Release|x64.Build.0 = Release|x64
		{7730ECF5-8206-4ECB-BA6B-6B5CFE50CFB2}.Release|x86.ActiveCfg = Release|Win32
		{7730ECF5-8206-4ECB-BA6B-6B5CFE50CFB2}.Release|x86.Build.0 = Release|Win32
		{C2DA5951-6223-4792-920D-4DDE01A5F625}.Debug|x64.ActiveCfg = Debug|x64
		{C2DA5951-6223-4792-920D-4DDE01A5F625}.Debug|x64.Build.0 = Debug|x64
		{C2DA5951-6223-4792-920D-4DDE01A5F625}.Debug|x86.ActiveCfg = Debug|Win32
		{C2DA5951-6223-4792-920D-4DDE01A5F625}.Debug|x86.Build.0 = Debug|Win32
		{C2DA5951-6223-4792-920D-4DDE01A5F625}.Release|x64.ActiveCfg = Release|x64
		{C2DA5951-6223-4792-920D-4DDE01A5F625}.Release|x64.Build.0 = Release|x64
		{C2DA5951-6223-4792-920D-4DDE01A5F625}.Release|x86.ActiveCfg = Release|Win32
		{C2DA5951-6223-4792-920D-4DDE01A5F625}.Release|x86.Build.0 = Release|Win32
		{D8726A1B-BBFE-47EF-9860-26B90140BA66}.Debug|x64.ActiveCfg = Debug|x64
		{D8726A1B-BBFE-47EF-9860-26B90140BA66}.Debug|x64.Build.0 = Debug|x64
		{D8726A1B-BBFE-47EF-9860-26B90140BA66}.Debug|x86.ActiveCfg = Debug|Win32
		{D8726A1B-BBFE-47EF-9860-26B90140BA66}.Debug|x86.Build.0 = Debug|Win32
		{D8726A1B-BBFE-47EF-9860-26B90140BA66}.Release|x64.ActiveCfg = Release|x64
		{D8726A1B-BBFE-47EF-9860-26B90140BA66}.Release|x64.Build.0 = Release|x64
		{D8726A1B-BBFE-47EF-9860-26B90140BA66}.Release|x86.ActiveCfg = Release|Win32
		{D8726A1B-BBFE-47EF-9860-26B90140BA66}.Release|x86.Build.0 = Release|Win32
		{CCF67510-C3BD-40FD-BF13-9FA9B9BCFE43}.Debug|x64.ActiveCfg = Debug|x64
		{CCF67510-C3BD-40FD-BF13-9FA9B9BCFE43}.Debug|x64.Build.0 = Debug|x64
		{CCF67510-C3BD-40FD-BF13-9FA9B9BCFE43}.Debug|x86.ActiveCfg = Debug|Win32
		{CCF67510-C3BD-40FD-BF13-9FA9B9BCFE43}.Debug|x86.Build.0 = Debug|Win32
		{CCF67510-C3BD-40FD-BF13-9FA9B9BCFE43}.Release|x64.ActiveCfg = Release|x64
		{CCF67510-C3BD-40FD-BF13-9FA9B9BCFE43}.Release|x64.Build.0 = Release|x64
		{CCF67510-C3BD-40FD-BF13-9FA9B9BCFE43}.Release|x86.ActiveCfg = Release|Win32
		{CCF67510-C3BD-40FD-BF13-9FA9B9BCFE43}.Release|x86.Build.0 = Release|Win32
		{EF6F5840-328E-465A-A78A-E807BC9AEB4C}.Debug|x64.ActiveCfg = Debug|x64
		{EF6F5840-328E-465A-A78A-E807BC9AEB4C}.Debug|x64.Build.0 = Debug|x64
		{EF6F5840-328E-465A-A78A-E807BC9AEB4C}.Debug|x86.ActiveCfg = Debug|Win32
		{EF6F5840-328E-465A-A78A-E807BC9AEB4C}.Debug|x86.Build.0 = Debug|Win32
		{EF6F5840-328E-465A-A78A-E807BC9AEB4C}.Release|x64.ActiveCfg = Release|x64
		{EF6F5840-328E-465A-A78A-E807BC9AEB4C}.Release|x64.Build.0 = Release|x64
		{EF6F5840-328E-465A-A78A-E807BC9AEB4C}.Release|x86.ActiveCfg = Release|Win32
		{EF6F5840-328E-465A-A78A-E807BC9AEB4C}.Release|x86.Build.0 = Release|Win32
		{09C1B50E-408E-48B1-A616-8400904B5829}.Debug|x64.ActiveCfg = Debug|x64
		{09C1B50E-408E-48B1-A616-8400904B5829}.Debug|x64.Build.0 = Debug|x64
		{09C1B50E-408E-48B1-A616-8400904B5829}.Debug|x86.ActiveCfg = Debug|Win32
		{09C1B50E-408E-48B1-A616-8400904B5829}.Debug|x86.Build.0 = Debug|Win32
		{09C1B50E-408E-48B1-A616-8400904B5829}.Release|x64.ActiveCfg = Release|x64
		{09C1B50E-408E-48B1-A616-8400904B5829}.Release|x64.Build.0 = Release|x64
		{09C1B50E-408E-48B1-A616-8400904B5829}.Release|x86.ActiveCfg = Release|Win32
		{09C1B50E-408E-48B1-A616-8400904B5829}.Release|x86.Build.0 = Release|Win32
		{80412055-64FB-417B-B017-EBF92770C922}.Debug|x64.ActiveCfg = Debug|x64
		{80412055-64FB-417B-B017-EBF92770C922}.Debug|x64.Build.0 = Debug|x64
		{80412055-64FB-417B-B017-EBF92770C922}.Debug|x86.ActiveCfg = Debug|Win32
		{80412055-64FB-417B-B017-EBF92770C922}.Debug|x86.Build.0 = Debug|Win32
		{80412055-64FB-417B-B017-EBF92770C922}.Release|x64.ActiveCfg = Release|x64
		{80412055-64FB-417B-B017-EBF92770C922}.Release|x64.Build.0 = Release|x64
		{80412055-64FB-417B-B017-EBF92770C922}.Release|x86.ActiveCfg = Release|Win32
		{80412055-64FB-417B-B017-EBF92770C922}.Release|x86.Build.0 = Release|Win32
		{A4ADA650-55C3-4C00-8DAD-E4E4AFF86EFF}.Debug|x64.ActiveCfg = Debug|x64
		{A4ADA650-55C3-4C00-8DAD-E4E4AFF86EFF}.Debug|x64.Build.0 = Debug|x64
		{A4ADA650-55C3-4C00-8DAD-E4E4AFF86EFF}.Debug|x86.ActiveCfg = Debug|Win32
		{A4ADA650-55C3-4C00-8DAD-E4E4AFF86EFF}.Debug|x86.Build.0 = Debug|Win32
		{A4ADA650-55C3-4C00-8DAD-E4E4AFF86EFF}.Release|x64.ActiveCfg = Release|x64
		{A4ADA650-55C3-4C00-8DAD-E4E4AFF86EFF}.Release|x64.Build.0 = Release|x64
		{A4ADA650-55C3-4C00-8DAD-E4E4AFF86EFF}.Release|x86.ActiveCfg = Release|Win32
		{A4ADA650-55C3-4C00-8DAD-E4E4AFF86EFF}.Release|x86.Build.0 = Release|Win32
		{9EFEA22E-E981-4342-BE17-7DD0F33F1F52}.Debug|x64.ActiveCfg = Debug|x64
		{9EFEA22E-E981-4342-BE17-7DD0F33F1F52}.Debug|x64.Build.0 = Debug|x64
		{9EFEA22E-E981-4342-BE17-7DD0F33F1F52}.Debug|x86.ActiveCfg = Debug|Win32
		{9EFEA22E-E981-4342-BE17-7DD0F33F1F52}.Debug|x86.Build.0 = Debug|Win32
		{9EFEA22E-E981-4342-BE17-7DD0F33F1F52}.Release|x64.ActiveCfg = Release|x64
		{9EFEA22E-E981-4342-BE17-7DD0F33F1F52}.Release|x64.Build.0 = Release|x64
		{9EFEA22E-E981-4342-BE17-7DD0F33F1F52}.Release|x86.ActiveCfg = Release|Win32
		{9EFEA22E-E981-4342-BE17-7DD0F33F1F52}.Release|x86.Build.0 = Release|Win32
		{61ACB9AF-314F-4D9E-BFF4-96BC85F38278}.Debug|x64.ActiveCfg = Debug|x64
		{61ACB9AF-314F-4D9E-BFF4-96BC85F38278}.Debug|x64.Build.0 = Debug|x64
		{61ACB9AF-314F-4D9E-BFF4-96BC85F38278}.Debug|x86.ActiveCfg = Debug|Win32
		{61ACB9AF-314F-4D9E-BFF4-96BC85F38278}.Debug|x86.Build.0 = Debug|Win32
		{61ACB9AF-314F-4D9E-BFF4-96BC85F38278}.Release|x64.ActiveCfg = Release|x64
		{61ACB9AF-314F-4D9E-BFF4-96BC85F38278}.Release|x64.Build.0 = Release|x64
		{61ACB9AF-314F-4D9E-BFF4-96BC85F38278}.Release|x86.ActiveCfg = Release|Win32
		{61ACB9AF-314F-4D9E-BFF4-96BC85F38278}.Release|x86.Build.0 = Release|Win32
		{BC526300-E3D0-44B1-B57B-312BAA6566AC}.Debug|x64.ActiveCfg = Debug|x64
		{BC526300-E3D0-44B1-B57B-312BAA6566AC}.Debug|x64.Build.0 = Debug|x64
		{BC526300-E3D0-44B1-B57B-312BAA6566AC}.Debug|x86.ActiveCfg = Debug|Win32
		{BC526300-E3D0-44B1-B57B-312BAA6566AC}.Debug|x86.Build.0 = Debug|Win32
		{BC526300-E3D0-44B1-B57B-312BAA6566AC}.Release|x64.ActiveCfg = Release|x64
		{BC526300-E3D0-44B1-B57B-312BAA6566AC}.Release|x64.Build.0 = Release|x64
		{BC526300-E3D0-44B1-B57B-312BAA6566AC}.Release|x86.ActiveCfg = Release|Win32
		{BC526300-E3D0-44B1-B57B-312BAA6566AC}.Release|x86.Build.0 = Release|Win32
	EndGlobalSection
	GlobalSection(SolutionProperties) = preSolution
		HideSolutionNode = FALSE
	EndGlobalSection
	GlobalSection(ExtensibilityGlobals) = postSolution
		SolutionGuid = {FB3256F2-4CB3-40D0-AAC5-903DD560A1A1}
	EndGlobalSection
	GlobalSection(Performance) = preSolution
		HasPerformanceSessions = true
	EndGlobalSection
	GlobalSection(Performance) = preSolution
		HasPerformanceSessions = true
	EndGlobalSection
	GlobalSection(Performance) = preSolution
		HasPerformanceSessions = true
	EndGlobalSection
	GlobalSection(Performance) = preSolution
		HasPerformanceSessions = true
	EndGlobalSection
	GlobalSection(Performance) = preSolution
		HasPerformanceSessions = true
	EndGlobalSection
	GlobalSection(Performance) = preSolution
		HasPerformanceSessions = true
	EndGlobalSection
	GlobalSection(Performance) = preSolution
		HasPerformanceSessions = true
	EndGlobalSection
EndGlobal
