
Microsoft Visual Studio Solution File, Format Version 12.00
# Visual Studio 15
VisualStudioVersion = 15.0.26430.12
MinimumVisualStudioVersion = 10.0.40219.1
Project("{8BC9CEB8-8B4A-11D0-8D11-00A0C91BC942}") = "EightBit", "src\EightBit.vcxproj", "{A9C24BD9-0CB4-4C84-B09B-46B815F9DA47}"
EndProject
Project("{8BC9CEB8-8B4A-11D0-8D11-00A0C91BC942}") = "Intel8080", "Intel8080\src\Intel8080.vcxproj", "{93BDC8D8-9F0D-44ED-94FB-1BE6AC4B6BD6}"
EndProject
Project("{8BC9CEB8-8B4A-11D0-8D11-00A0C91BC942}") = "test_Intel8080", "Intel8080\test\test_Intel8080.vcxproj", "{391D3B95-D9DA-47E5-9F61-70483F6BB396}"
EndProject
Project("{8BC9CEB8-8B4A-11D0-8D11-00A0C91BC942}") = "Z80", "Z80\src\Z80.vcxproj", "{01974F81-2750-45AF-B845-2C903A54A334}"
EndProject
Project("{8BC9CEB8-8B4A-11D0-8D11-00A0C91BC942}") = "test_Z80", "Z80\test\test_Z80.vcxproj", "{F8EE7116-0D75-4C82-BA9E-409F69F5D47C}"
EndProject
Global
	GlobalSection(SolutionConfigurationPlatforms) = preSolution
		Debug|x64 = Debug|x64
		Debug|x86 = Debug|x86
		Release|x64 = Release|x64
		Release|x86 = Release|x86
	EndGlobalSection
	GlobalSection(ProjectConfigurationPlatforms) = postSolution
		{A9C24BD9-0CB4-4C84-B09B-46B815F9DA47}.Debug|x64.ActiveCfg = Debug|x64
		{A9C24BD9-0CB4-4C84-B09B-46B815F9DA47}.Debug|x64.Build.0 = Debug|x64
		{A9C24BD9-0CB4-4C84-B09B-46B815F9DA47}.Debug|x86.ActiveCfg = Debug|Win32
		{A9C24BD9-0CB4-4C84-B09B-46B815F9DA47}.Debug|x86.Build.0 = Debug|Win32
		{A9C24BD9-0CB4-4C84-B09B-46B815F9DA47}.Release|x64.ActiveCfg = Release|x64
		{A9C24BD9-0CB4-4C84-B09B-46B815F9DA47}.Release|x64.Build.0 = Release|x64
		{A9C24BD9-0CB4-4C84-B09B-46B815F9DA47}.Release|x86.ActiveCfg = Release|Win32
		{A9C24BD9-0CB4-4C84-B09B-46B815F9DA47}.Release|x86.Build.0 = Release|Win32
		{93BDC8D8-9F0D-44ED-94FB-1BE6AC4B6BD6}.Debug|x64.ActiveCfg = Debug|x64
		{93BDC8D8-9F0D-44ED-94FB-1BE6AC4B6BD6}.Debug|x64.Build.0 = Debug|x64
		{93BDC8D8-9F0D-44ED-94FB-1BE6AC4B6BD6}.Debug|x86.ActiveCfg = Debug|Win32
		{93BDC8D8-9F0D-44ED-94FB-1BE6AC4B6BD6}.Debug|x86.Build.0 = Debug|Win32
		{93BDC8D8-9F0D-44ED-94FB-1BE6AC4B6BD6}.Release|x64.ActiveCfg = Release|x64
		{93BDC8D8-9F0D-44ED-94FB-1BE6AC4B6BD6}.Release|x64.Build.0 = Release|x64
		{93BDC8D8-9F0D-44ED-94FB-1BE6AC4B6BD6}.Release|x86.ActiveCfg = Release|Win32
		{93BDC8D8-9F0D-44ED-94FB-1BE6AC4B6BD6}.Release|x86.Build.0 = Release|Win32
		{391D3B95-D9DA-47E5-9F61-70483F6BB396}.Debug|x64.ActiveCfg = Debug|x64
		{391D3B95-D9DA-47E5-9F61-70483F6BB396}.Debug|x64.Build.0 = Debug|x64
		{391D3B95-D9DA-47E5-9F61-70483F6BB396}.Debug|x86.ActiveCfg = Debug|Win32
		{391D3B95-D9DA-47E5-9F61-70483F6BB396}.Debug|x86.Build.0 = Debug|Win32
		{391D3B95-D9DA-47E5-9F61-70483F6BB396}.Release|x64.ActiveCfg = Release|x64
		{391D3B95-D9DA-47E5-9F61-70483F6BB396}.Release|x64.Build.0 = Release|x64
		{391D3B95-D9DA-47E5-9F61-70483F6BB396}.Release|x86.ActiveCfg = Release|Win32
		{391D3B95-D9DA-47E5-9F61-70483F6BB396}.Release|x86.Build.0 = Release|Win32
		{01974F81-2750-45AF-B845-2C903A54A334}.Debug|x64.ActiveCfg = Debug|x64
		{01974F81-2750-45AF-B845-2C903A54A334}.Debug|x64.Build.0 = Debug|x64
		{01974F81-2750-45AF-B845-2C903A54A334}.Debug|x86.ActiveCfg = Debug|Win32
		{01974F81-2750-45AF-B845-2C903A54A334}.Debug|x86.Build.0 = Debug|Win32
		{01974F81-2750-45AF-B845-2C903A54A334}.Release|x64.ActiveCfg = Release|x64
		{01974F81-2750-45AF-B845-2C903A54A334}.Release|x64.Build.0 = Release|x64
		{01974F81-2750-45AF-B845-2C903A54A334}.Release|x86.ActiveCfg = Release|Win32
		{01974F81-2750-45AF-B845-2C903A54A334}.Release|x86.Build.0 = Release|Win32
		{F8EE7116-0D75-4C82-BA9E-409F69F5D47C}.Debug|x64.ActiveCfg = Debug|x64
		{F8EE7116-0D75-4C82-BA9E-409F69F5D47C}.Debug|x64.Build.0 = Debug|x64
		{F8EE7116-0D75-4C82-BA9E-409F69F5D47C}.Debug|x86.ActiveCfg = Debug|Win32
		{F8EE7116-0D75-4C82-BA9E-409F69F5D47C}.Debug|x86.Build.0 = Debug|Win32
		{F8EE7116-0D75-4C82-BA9E-409F69F5D47C}.Release|x64.ActiveCfg = Release|x64
		{F8EE7116-0D75-4C82-BA9E-409F69F5D47C}.Release|x64.Build.0 = Release|x64
		{F8EE7116-0D75-4C82-BA9E-409F69F5D47C}.Release|x86.ActiveCfg = Release|Win32
		{F8EE7116-0D75-4C82-BA9E-409F69F5D47C}.Release|x86.Build.0 = Release|Win32
	EndGlobalSection
	GlobalSection(SolutionProperties) = preSolution
		HideSolutionNode = FALSE
	EndGlobalSection
EndGlobal
