<?xml version="1.0" encoding="utf-8"?>
<Project ToolsVersion="4.0" xmlns="http://schemas.microsoft.com/developer/msbuild/2003">
  <ItemGroup>
    <Filter Include="Source Files">
      <UniqueIdentifier>{4FC737F1-C7A5-4376-A066-2A32D752A2FF}</UniqueIdentifier>
      <Extensions>cpp;c;cc;cxx;c++;cppm;ixx;def;odl;idl;hpj;bat;asm;asmx</Extensions>
    </Filter>
    <Filter Include="Header Files">
      <UniqueIdentifier>{93995380-89BD-4b04-88EB-625FBE52EBFB}</UniqueIdentifier>
      <Extensions>h;hh;hpp;hxx;h++;hm;inl;inc;ipp;xsd</Extensions>
    </Filter>
    <Filter Include="Header Files\nlohmann">
      <UniqueIdentifier>{1b676a2e-dff7-46aa-b021-f4319b0419d7}</UniqueIdentifier>
    </Filter>
    <Filter Include="Header Files\simdjson">
      <UniqueIdentifier>{92d132eb-117f-4f61-bad7-de75aa3cb6cf}</UniqueIdentifier>
    </Filter>
  </ItemGroup>
  <ItemGroup>
    <ClCompile Include="tests.cpp">
      <Filter>Source Files</Filter>
    </ClCompile>
    <ClCompile Include="stdafx.cpp">
      <Filter>Source Files</Filter>
    </ClCompile>
    <ClCompile Include="state_t.cpp">
      <Filter>Source Files</Filter>
    </ClCompile>
    <ClCompile Include="test_t.cpp">
      <Filter>Source Files</Filter>
    </ClCompile>
    <ClCompile Include="opcode_test_suite_t.cpp">
      <Filter>Source Files</Filter>
    </ClCompile>
    <ClCompile Include="TestRunner.cpp">
      <Filter>Source Files</Filter>
    </ClCompile>
    <ClCompile Include="simdjson\simdjson.cpp">
      <Filter>Header Files\simdjson</Filter>
    </ClCompile>
  </ItemGroup>
  <ItemGroup>
    <ClInclude Include="stdafx.h">
      <Filter>Header Files</Filter>
    </ClInclude>
    <ClInclude Include="state_t.h">
      <Filter>Header Files</Filter>
    </ClInclude>
    <ClInclude Include="test_t.h">
      <Filter>Header Files</Filter>
    </ClInclude>
    <ClInclude Include="opcode_test_suite_t.h">
      <Filter>Header Files</Filter>
    </ClInclude>
    <ClInclude Include="TestRunner.h">
      <Filter>Header Files</Filter>
    </ClInclude>
    <ClInclude Include="nlohmann\json.hpp">
      <Filter>Header Files\nlohmann</Filter>
    </ClInclude>
    <ClInclude Include="simdjson\simdjson.h">
      <Filter>Header Files\simdjson</Filter>
    </ClInclude>
  </ItemGroup>
  <ItemGroup>
    <None Include="packages.config" />
  </ItemGroup>
</Project>